
Microsoft Visual Studio Solution File, Format Version 12.00
# Visual Studio Version 17
VisualStudioVersion = 17.0.31903.59
MinimumVisualStudioVersion = 10.0.40219.1
Project("{2150E333-8FDC-42A3-9474-1A3956D46DE8}") = "code", "code", "{973984B3-7651-4943-9788-C181BF1441D0}"
EndProject
Project("{FAE04EC0-301F-11D3-BF4B-00C04F79EFBC}") = "myChat", "code\myChat\myChat.csproj", "{FC1D1FE8-5104-4027-807C-A6D2177951BA}"
EndProject
Global
	GlobalSection(SolutionConfigurationPlatforms) = preSolution
		Debug|Any CPU = Debug|Any CPU
		Release|Any CPU = Release|Any CPU
	EndGlobalSection
	GlobalSection(SolutionProperties) = preSolution
		HideSolutionNode = FALSE
	EndGlobalSection
	GlobalSection(ProjectConfigurationPlatforms) = postSolution
		{FC1D1FE8-5104-4027-807C-A6D2177951BA}.Debug|Any CPU.ActiveCfg = Debug|Any CPU
		{FC1D1FE8-5104-4027-807C-A6D2177951BA}.Debug|Any CPU.Build.0 = Debug|Any CPU
		{FC1D1FE8-5104-4027-807C-A6D2177951BA}.Release|Any CPU.ActiveCfg = Release|Any CPU
		{FC1D1FE8-5104-4027-807C-A6D2177951BA}.Release|Any CPU.Build.0 = Release|Any CPU
	EndGlobalSection
	GlobalSection(NestedProjects) = preSolution
		{FC1D1FE8-5104-4027-807C-A6D2177951BA} = {973984B3-7651-4943-9788-C181BF1441D0}
	EndGlobalSection
EndGlobal
